{
  "name": "openpoke-gmail-eval",
  "lockfileVersion": 3,
  "requires": true,
  "packages": {
    "": {
      "name": "openpoke-gmail-eval",
      "dependencies": {
        "emulate": "0.11.2"
      }
    },
    "node_modules/commander": {
      "version": "14.0.3",
      "resolved": "https://registry.npmjs.org/commander/-/commander-14.0.3.tgz",
      "integrity": "sha512-H+y0Jo/T1RZ9qPP4Eh1pkcQcLRglraJaSLoyOtHxu6AapkjWVCy2Sit1QQ4x3Dng8qDlSsZEet7g5Pq06MvTgw==",
      "engines": {
        "node": ">=20"
      }
    },
    "node_modules/emulate": {
      "version": "0.11.2",
      "resolved": "https://registry.npmjs.org/emulate/-/emulate-0.11.2.tgz",
      "integrity": "sha512-BHs1rG/yPQ4kM+9aUz7fg4MDn0MshxOs0Ch2ciuNFPsN4PfCxQWP/9DGFZx+h+RvcIwX5n+hV308Ba7SxBc6nQ==",
      "dependencies": {
        "commander": "^14",
        "picocolors": "^1.1.1",
        "yaml": "^2"
      },
      "bin": {
        "emulate": "dist/index.js"
      }
    },
    "node_modules/picocolors": {
      "version": "1.1.1",
      "resolved": "https://registry.npmjs.org/picocolors/-/picocolors-1.1.1.tgz",
      "integrity": "sha512-xceH2snhtb5M9liqDsmEw56le376mTZkEX/jEb/RxNFyegNul7eNslCXP9FDj/Lcu0X8KEyMceP2ntpaHrDEVA=="
    },
    "node_modules/yaml": {
      "version": "2.9.1",
      "resolved": "https://registry.npmjs.org/yaml/-/yaml-2.9.1.tgz",
      "integrity": "sha512-3NxN8+78OdzbT7C/WjGsyfPAtJaN3FNDsWxv7Y7mcDsT/oOmgW8BpyQQFFBnvZE3j9Y2Sdz1ULFLezL7Eb2yFw==",
      "bin": {
        "yaml": "bin.mjs"
      },
      "engines": {
        "node": ">= 14.6"
      },
      "funding": {
        "url": "https://github.com/sponsors/eemeli"
      }
    }
  }
}
